
Microsoft Visual Studio Solution File, Format Version 12.00
# Visual Studio Version 16
VisualStudioVersion = 16.0.30503.244
MinimumVisualStudioVersion = 10.0.40219.1
Project("{FAE04EC0-301F-11D3-BF4B-00C04F79EFBC}") = "LitterBox", "LitterBox.csproj", "{C2B93A1C-1E31-4FAF-9259-8DAC27708982}"
EndProject
Project("{FAE04EC0-301F-11D3-BF4B-00C04F79EFBC}") = "LitterBox.Data", "..\LitterBox.Data\LitterBox.Data.csproj", "{C8360391-61A8-43BB-9079-518C4235E080}"
EndProject
Project("{FAE04EC0-301F-11D3-BF4B-00C04F79EFBC}") = "Litterbox.Entities", "..\Litterbox.Entities\Litterbox.Entities.csproj", "{C15AAC0D-76A5-468C-A793-988FCCFC16EF}"
EndProject
Project("{FAE04EC0-301F-11D3-BF4B-00C04F79EFBC}") = "Litterbox.Services", "..\Litterbox.Services\Litterbox.Services.csproj", "{3746B1BB-68B6-4321-A54E-C0DF505EB2F5}"
EndProject
Project("{FAE04EC0-301F-11D3-BF4B-00C04F79EFBC}") = "Litterbox.Shared", "..\Litterbox.Shared\Litterbox.Shared.csproj", "{43F30F8F-13AF-427E-99A9-4452D5BA2C30}"
EndProject
Global
	GlobalSection(SolutionConfigurationPlatforms) = preSolution
		Debug|Any CPU = Debug|Any CPU
		Release|Any CPU = Release|Any CPU
	EndGlobalSection
	GlobalSection(ProjectConfigurationPlatforms) = postSolution
		{C2B93A1C-1E31-4FAF-9259-8DAC27708982}.Debug|Any CPU.ActiveCfg = Debug|Any CPU
		{C2B93A1C-1E31-4FAF-9259-8DAC27708982}.Debug|Any CPU.Build.0 = Debug|Any CPU
		{C2B93A1C-1E31-4FAF-9259-8DAC27708982}.Release|Any CPU.ActiveCfg = Release|Any CPU
		{C2B93A1C-1E31-4FAF-9259-8DAC27708982}.Release|Any CPU.Build.0 = Release|Any CPU
		{C8360391-61A8-43BB-9079-518C4235E080}.Debug|Any CPU.ActiveCfg = Debug|Any CPU
		{C8360391-61A8-43BB-9079-518C4235E080}.Debug|Any CPU.Build.0 = Debug|Any CPU
		{C8360391-61A8-43BB-9079-518C4235E080}.Release|Any CPU.ActiveCfg = Release|Any CPU
		{C8360391-61A8-43BB-9079-518C4235E080}.Release|Any CPU.Build.0 = Release|Any CPU
		{C15AAC0D-76A5-468C-A793-988FCCFC16EF}.Debug|Any CPU.ActiveCfg = Debug|Any CPU
		{C15AAC0D-76A5-468C-A793-988FCCFC16EF}.Debug|Any CPU.Build.0 = Debug|Any CPU
		{C15AAC0D-76A5-468C-A793-988FCCFC16EF}.Release|Any CPU.ActiveCfg = Release|Any CPU
		{C15AAC0D-76A5-468C-A793-988FCCFC16EF}.Release|Any CPU.Build.0 = Release|Any CPU
		{3746B1BB-68B6-4321-A54E-C0DF505EB2F5}.Debug|Any CPU.ActiveCfg = Debug|Any CPU
		{3746B1BB-68B6-4321-A54E-C0DF505EB2F5}.Debug|Any CPU.Build.0 = Debug|Any CPU
		{3746B1BB-68B6-4321-A54E-C0DF505EB2F5}.Release|Any CPU.ActiveCfg = Release|Any CPU
		{3746B1BB-68B6-4321-A54E-C0DF505EB2F5}.Release|Any CPU.Build.0 = Release|Any CPU
		{43F30F8F-13AF-427E-99A9-4452D5BA2C30}.Debug|Any CPU.ActiveCfg = Debug|Any CPU
		{43F30F8F-13AF-427E-99A9-4452D5BA2C30}.Debug|Any CPU.Build.0 = Debug|Any CPU
		{43F30F8F-13AF-427E-99A9-4452D5BA2C30}.Release|Any CPU.ActiveCfg = Release|Any CPU
		{43F30F8F-13AF-427E-99A9-4452D5BA2C30}.Release|Any CPU.Build.0 = Release|Any CPU
	EndGlobalSection
	GlobalSection(SolutionProperties) = preSolution
		HideSolutionNode = FALSE
	EndGlobalSection
	GlobalSection(ExtensibilityGlobals) = postSolution
		SolutionGuid = {CC2104C9-4A7B-4557-8062-92322B1CFDE2}
	EndGlobalSection
EndGlobal
